
Microsoft Visual Studio Solution File, Format Version 12.00
# Visual Studio 15
VisualStudioVersion = 15.0.28010.2016
MinimumVisualStudioVersion = 10.0.40219.1
Project("{FAE04EC0-301F-11D3-BF4B-00C04F79EFBC}") = "myDamco", "myDamco.csproj", "{12AB034C-38AA-4E0A-BA21-B079C7A909B7}"
EndProject
Global
	GlobalSection(SolutionConfigurationPlatforms) = preSolution
		Debug|Any CPU = Debug|Any CPU
		Integration|Any CPU = Integration|Any CPU
		Preprod|Any CPU = Preprod|Any CPU
		Prod|Any CPU = Prod|Any CPU
		Release|Any CPU = Release|Any CPU
		Test|Any CPU = Test|Any CPU
	EndGlobalSection
	GlobalSection(ProjectConfigurationPlatforms) = postSolution
		{12AB034C-38AA-4E0A-BA21-B079C7A909B7}.Debug|Any CPU.ActiveCfg = Debug|Any CPU
		{12AB034C-38AA-4E0A-BA21-B079C7A909B7}.Debug|Any CPU.Build.0 = Debug|Any CPU
		{12AB034C-38AA-4E0A-BA21-B079C7A909B7}.Integration|Any CPU.ActiveCfg = Integration|Any CPU
		{12AB034C-38AA-4E0A-BA21-B079C7A909B7}.Integration|Any CPU.Build.0 = Integration|Any CPU
		{12AB034C-38AA-4E0A-BA21-B079C7A909B7}.Preprod|Any CPU.ActiveCfg = Preprod|Any CPU
		{12AB034C-38AA-4E0A-BA21-B079C7A909B7}.Preprod|Any CPU.Build.0 = Preprod|Any CPU
		{12AB034C-38AA-4E0A-BA21-B079C7A909B7}.Prod|Any CPU.ActiveCfg = Prod|Any CPU
		{12AB034C-38AA-4E0A-BA21-B079C7A909B7}.Prod|Any CPU.Build.0 = Prod|Any CPU
		{12AB034C-38AA-4E0A-BA21-B079C7A909B7}.Release|Any CPU.ActiveCfg = Release|Any CPU
		{12AB034C-38AA-4E0A-BA21-B079C7A909B7}.Release|Any CPU.Build.0 = Release|Any CPU
		{12AB034C-38AA-4E0A-BA21-B079C7A909B7}.Test|Any CPU.ActiveCfg = Test|Any CPU
		{12AB034C-38AA-4E0A-BA21-B079C7A909B7}.Test|Any CPU.Build.0 = Test|Any CPU
	EndGlobalSection
	GlobalSection(SolutionProperties) = preSolution
		HideSolutionNode = FALSE
	EndGlobalSection
	GlobalSection(ExtensibilityGlobals) = postSolution
		SolutionGuid = {0DA8EE26-4680-4B82-A660-BB56CA184A07}
	EndGlobalSection
EndGlobal
